// !$*UTF8*$!
{
	archiveVersion = 1;
	classes = {
	};
	objectVersion = 46;
	objects = {

/* Begin PBXBuildFile section */
		5B945010214E3AE640E1375A /* Pods_Weather.framework in Frameworks */ = {isa = PBXBuildFile; fileRef = 712C0CDEC073D61E90EB4F44 /* Pods_Weather.framework */; };
		EB58D2591FB8773C00E396FA /* WeatherTableViewCell.swift in Sources */ = {isa = PBXBuildFile; fileRef = EB58D2581FB8773C00E396FA /* WeatherTableViewCell.swift */; };
		EB58D25B1FB8834A00E396FA /* WeatherDetailViewController.swift in Sources */ = {isa = PBXBuildFile; fileRef = EB58D25A1FB8834A00E396FA /* WeatherDetailViewController.swift */; };
		EB58D25D1FB8867B00E396FA /* WeatherDetailTableViewCell.swift in Sources */ = {isa = PBXBuildFile; fileRef = EB58D25C1FB8867B00E396FA /* WeatherDetailTableViewCell.swift */; };
		EB5E9F761FB80F2A002D562C /* AppDelegate.swift in Sources */ = {isa = PBXBuildFile; fileRef = EB5E9F751FB80F2A002D562C /* AppDelegate.swift */; };
		EB5E9F781FB80F2A002D562C /* ViewController.swift in Sources */ = {isa = PBXBuildFile; fileRef = EB5E9F771FB80F2A002D562C /* ViewController.swift */; };
		EB5E9F7B1FB80F2A002D562C /* Main.storyboard in Resources */ = {isa = PBXBuildFile; fileRef = EB5E9F791FB80F2A002D562C /* Main.storyboard */; };
		EB5E9F7D1FB80F2A002D562C /* Assets.xcassets in Resources */ = {isa = PBXBuildFile; fileRef = EB5E9F7C1FB80F2A002D562C /* Assets.xcassets */; };
		EB5E9F801FB80F2A002D562C /* LaunchScreen.storyboard in Resources */ = {isa = PBXBuildFile; fileRef = EB5E9F7E1FB80F2A002D562C /* LaunchScreen.storyboard */; };
/* End PBXBuildFile section */

/* Begin PBXFileReference section */
		1914722D127F75832AF0733F /* Pods-Weather.release.xcconfig */ = {isa = PBXFileReference; includeInIndex = 1; lastKnownFileType = text.xcconfig; name = "Pods-Weather.release.xcconfig"; path = "Pods/Target Support Files/Pods-Weather/Pods-Weather.release.xcconfig"; sourceTree = "<group>"; };
		712C0CDEC073D61E90EB4F44 /* Pods_Weather.framework */ = {isa = PBXFileReference; explicitFileType = wrapper.framework; includeInIndex = 0; path = Pods_Weather.framework; sourceTree = BUILT_PRODUCTS_DIR; };
		EB58D2581FB8773C00E396FA /* WeatherTableViewCell.swift */ = {isa = PBXFileReference; fileEncoding = 4; lastKnownFileType = sourcecode.swift; path = WeatherTableViewCell.swift; sourceTree = "<group>"; };
		EB58D25A1FB8834A00E396FA /* WeatherDetailViewController.swift */ = {isa = PBXFileReference; fileEncoding = 4; lastKnownFileType = sourcecode.swift; path = WeatherDetailViewController.swift; sourceTree = "<group>"; };
		EB58D25C1FB8867B00E396FA /* WeatherDetailTableViewCell.swift */ = {isa = PBXFileReference; fileEncoding = 4; lastKnownFileType = sourcecode.swift; path = WeatherDetailTableViewCell.swift; sourceTree = "<group>"; };
		EB5E9F721FB80F2A002D562C /* Weather.app */ = {isa = PBXFileReference; explicitFileType = wrapper.application; includeInIndex = 0; path = Weather.app; sourceTree = BUILT_PRODUCTS_DIR; };
		EB5E9F751FB80F2A002D562C /* AppDelegate.swift */ = {isa = PBXFileReference; lastKnownFileType = sourcecode.swift; path = AppDelegate.swift; sourceTree = "<group>"; };
		EB5E9F771FB80F2A002D562C /* ViewController.swift */ = {isa = PBXFileReference; lastKnownFileType = sourcecode.swift; path = ViewController.swift; sourceTree = "<group>"; };
		EB5E9F7A1FB80F2A002D562C /* Base */ = {isa = PBXFileReference; lastKnownFileType = file.storyboard; name = Base; path = Base.lproj/Main.storyboard; sourceTree = "<group>"; };
		EB5E9F7C1FB80F2A002D562C /* Assets.xcassets */ = {isa = PBXFileReference; lastKnownFileType = folder.assetcatalog; path = Assets.xcassets; sourceTree = "<group>"; };
		EB5E9F7F1FB80F2A002D562C /* Base */ = {isa = PBXFileReference; lastKnownFileType = file.storyboard; name = Base; path = Base.lproj/LaunchScreen.storyboard; sourceTree = "<group>"; };
		EB5E9F811FB80F2A002D562C /* Info.plist */ = {isa = PBXFileReference; lastKnownFileType = text.plist.xml; path = Info.plist; sourceTree = "<group>"; };
		FD0AE6E3851F7B03A747FE2E /* Pods-Weather.debug.xcconfig */ = {isa = PBXFileReference; includeInIndex = 1; lastKnownFileType = text.xcconfig; name = "Pods-Weather.debug.xcconfig"; path = "Pods/Target Support Files/Pods-Weather/Pods-Weather.debug.xcconfig"; sourceTree = "<group>"; };
/* End PBXFileReference section */

/* Begin PBXFrameworksBuildPhase section */
		EB5E9F6F1FB80F2A002D562C /* Frameworks */ = {
			isa = PBXFrameworksBuildPhase;
			buildActionMask = 2147483647;
			files = (
				5B945010214E3AE640E1375A /* Pods_Weather.framework in Frameworks */,
			);
			runOnlyForDeploymentPostprocessing = 0;
		};
/* End PBXFrameworksBuildPhase section */

/* Begin PBXGroup section */
		6EB0645F4E572EC1C107630B /* Frameworks */ = {
			isa = PBXGroup;
			children = (
				712C0CDEC073D61E90EB4F44 /* Pods_Weather.framework */,
			);
			name = Frameworks;
			sourceTree = "<group>";
		};
		A673AC1A4068236D1E5C09E1 /* Pods */ = {
			isa = PBXGroup;
			children = (
				FD0AE6E3851F7B03A747FE2E /* Pods-Weather.debug.xcconfig */,
				1914722D127F75832AF0733F /* Pods-Weather.release.xcconfig */,
			);
			name = Pods;
			sourceTree = "<group>";
		};
		EB5E9F691FB80F2A002D562C = {
			isa = PBXGroup;
			children = (
				EB5E9F741FB80F2A002D562C /* Weather */,
				EB5E9F731FB80F2A002D562C /* Products */,
				A673AC1A4068236D1E5C09E1 /* Pods */,
				6EB0645F4E572EC1C107630B /* Frameworks */,
			);
			sourceTree = "<group>";
		};
		EB5E9F731FB80F2A002D562C /* Products */ = {
			isa = PBXGroup;
			children = (
				EB5E9F721FB80F2A002D562C /* Weather.app */,
			);
			name = Products;
			sourceTree = "<group>";
		};
		EB5E9F741FB80F2A002D562C /* Weather */ = {
			isa = PBXGroup;
			children = (
				EB5E9F751FB80F2A002D562C /* AppDelegate.swift */,
				EB5E9F771FB80F2A002D562C /* ViewController.swift */,
				EB58D25A1FB8834A00E396FA /* WeatherDetailViewController.swift */,
				EB5E9F791FB80F2A002D562C /* Main.storyboard */,
				EB5E9F7C1FB80F2A002D562C /* Assets.xcassets */,
				EB5E9F7E1FB80F2A002D562C /* LaunchScreen.storyboard */,
				EB5E9F811FB80F2A002D562C /* Info.plist */,
				EB58D2581FB8773C00E396FA /* WeatherTableViewCell.swift */,
				EB58D25C1FB8867B00E396FA /* WeatherDetailTableViewCell.swift */,
			);
			path = Weather;
			sourceTree = "<group>";
		};
/* End PBXGroup section */

/* Begin PBXNativeTarget section */
		EB5E9F711FB80F2A002D562C /* Weather */ = {
			isa = PBXNativeTarget;
			buildConfigurationList = EB5E9F841FB80F2A002D562C /* Build configuration list for PBXNativeTarget "Weather" */;
			buildPhases = (
				64667C58E8B105797BDD9F9D /* [CP] Check Pods Manifest.lock */,
				EB5E9F6E1FB80F2A002D562C /* Sources */,
				EB5E9F6F1FB80F2A002D562C /* Frameworks */,
				EB5E9F701FB80F2A002D562C /* Resources */,
				8B0AB7D4518B2FB6E70EF632 /* [CP] Embed Pods Frameworks */,
				A627CAC26615C454F301A20C /* [CP] Copy Pods Resources */,
			);
			buildRules = (
			);
			dependencies = (
			);
			name = Weather;
			productName = Weather;
			productReference = EB5E9F721FB80F2A002D562C /* Weather.app */;
			productType = "com.apple.product-type.application";
		};
/* End PBXNativeTarget section */

/* Begin PBXProject section */
		EB5E9F6A1FB80F2A002D562C /* Project object */ = {
			isa = PBXProject;
			attributes = {
				LastSwiftUpdateCheck = 0830;
				LastUpgradeCheck = 0830;
				TargetAttributes = {
					EB5E9F711FB80F2A002D562C = {
						CreatedOnToolsVersion = 8.3.2;
						ProvisioningStyle = Manual;
					};
				};
			};
			buildConfigurationList = EB5E9F6D1FB80F2A002D562C /* Build configuration list for PBXProject "Weather" */;
			compatibilityVersion = "Xcode 3.2";
			developmentRegion = English;
			hasScannedForEncodings = 0;
			knownRegions = (
				en,
				Base,
			);
			mainGroup = EB5E9F691FB80F2A002D562C;
			productRefGroup = EB5E9F731FB80F2A002D562C /* Products */;
			projectDirPath = "";
			projectRoot = "";
			targets = (
				EB5E9F711FB80F2A002D562C /* Weather */,
			);
		};
/* End PBXProject section */

/* Begin PBXResourcesBuildPhase section */
		EB5E9F701FB80F2A002D562C /* Resources */ = {
			isa = PBXResourcesBuildPhase;
			buildActionMask = 2147483647;
			files = (
				EB5E9F801FB80F2A002D562C /* LaunchScreen.storyboard in Resources */,
				EB5E9F7D1FB80F2A002D562C /* Assets.xcassets in Resources */,
				EB5E9F7B1FB80F2A002D562C /* Main.storyboard in Resources */,
			);
			runOnlyForDeploymentPostprocessing = 0;
		};
/* End PBXResourcesBuildPhase section */

/* Begin PBXShellScriptBuildPhase section */
		64667C58E8B105797BDD9F9D /* [CP] Check Pods Manifest.lock */ = {
			isa = PBXShellScriptBuildPhase;
			buildActionMask = 2147483647;
			files = (
			);
			inputPaths = (
				"${PODS_PODFILE_DIR_PATH}/Podfile.lock",
				"${PODS_ROOT}/Manifest.lock",
			);
			name = "[CP] Check Pods Manifest.lock";
			outputPaths = (
				"$(DERIVED_FILE_DIR)/Pods-Weather-checkManifestLockResult.txt",
			);
			runOnlyForDeploymentPostprocessing = 0;
			shellPath = /bin/sh;
			shellScript = "diff \"${PODS_PODFILE_DIR_PATH}/Podfile.lock\" \"${PODS_ROOT}/Manifest.lock\" > /dev/null\nif [ $? != 0 ] ; then\n    # print error to STDERR\n    echo \"error: The sandbox is not in sync with the Podfile.lock. Run 'pod install' or update your CocoaPods installation.\" >&2\n    exit 1\nfi\n# This output is used by Xcode 'outputs' to avoid re-running this script phase.\necho \"SUCCESS\" > \"${SCRIPT_OUTPUT_FILE_0}\"\n";
			showEnvVarsInLog = 0;
		};
		8B0AB7D4518B2FB6E70EF632 /* [CP] Embed Pods Frameworks */ = {
			isa = PBXShellScriptBuildPhase;
			buildActionMask = 2147483647;
			files = (
			);
			inputPaths = (
				"${SRCROOT}/Pods/Target Support Files/Pods-Weather/Pods-Weather-frameworks.sh",
				"${BUILT_PRODUCTS_DIR}/Alamofire/Alamofire.framework",
				"${BUILT_PRODUCTS_DIR}/SwiftyJSON/SwiftyJSON.framework",
			);
			name = "[CP] Embed Pods Frameworks";
			outputPaths = (
				"${TARGET_BUILD_DIR}/${FRAMEWORKS_FOLDER_PATH}/Alamofire.framework",
				"${TARGET_BUILD_DIR}/${FRAMEWORKS_FOLDER_PATH}/SwiftyJSON.framework",
			);
			runOnlyForDeploymentPostprocessing = 0;
			shellPath = /bin/sh;
			shellScript = "\"${SRCROOT}/Pods/Target Support Files/Pods-Weather/Pods-Weather-frameworks.sh\"\n";
			showEnvVarsInLog = 0;
		};
		A627CAC26615C454F301A20C /* [CP] Copy Pods Resources */ = {
			isa = PBXShellScriptBuildPhase;
			buildActionMask = 2147483647;
			files = (
			);
			inputPaths = (
			);
			name = "[CP] Copy Pods Resources";
			outputPaths = (
			);
			runOnlyForDeploymentPostprocessing = 0;
			shellPath = /bin/sh;
			shellScript = "\"${SRCROOT}/Pods/Target Support Files/Pods-Weather/Pods-Weather-resources.sh\"\n";
			showEnvVarsInLog = 0;
		};
/* End PBXShellScriptBuildPhase section */

/* Begin PBXSourcesBuildPhase section */
		EB5E9F6E1FB80F2A002D562C /* Sources */ = {
			isa = PBXSourcesBuildPhase;
			buildActionMask = 2147483647;
			files = (
				EB58D2591FB8773C00E396FA /* WeatherTableViewCell.swift in Sources */,
				EB58D25D1FB8867B00E396FA /* WeatherDetailTableViewCell.swift in Sources */,
				EB5E9F781FB80F2A002D562C /* ViewController.swift in Sources */,
				EB58D25B1FB8834A00E396FA /* WeatherDetailViewController.swift in Sources */,
				EB5E9F761FB80F2A002D562C /* AppDelegate.swift in Sources */,
			);
			runOnlyForDeploymentPostprocessing = 0;
		};
/* End PBXSourcesBuildPhase section */

/* Begin PBXVariantGroup section */
		EB5E9F791FB80F2A002D562C /* Main.storyboard */ = {
			isa = PBXVariantGroup;
			children = (
				EB5E9F7A1FB80F2A002D562C /* Base */,
			);
			name = Main.storyboard;
			sourceTree = "<group>";
		};
		EB5E9F7E1FB80F2A002D562C /* LaunchScreen.storyboard */ = {
			isa = PBXVariantGroup;
			children = (
				EB5E9F7F1FB80F2A002D562C /* Base */,
			);
			name = LaunchScreen.storyboard;
			sourceTree = "<group>";
		};
/* End PBXVariantGroup section */

/* Begin XCBuildConfiguration section */
		EB5E9F821FB80F2A002D562C /* Debug */ = {
			isa = XCBuildConfiguration;
			buildSettings = {
				ALWAYS_SEARCH_USER_PATHS = NO;
				CLANG_ANALYZER_NONNULL = YES;
				CLANG_ANALYZER_NUMBER_OBJECT_CONVERSION = YES_AGGRESSIVE;
				CLANG_CXX_LANGUAGE_STANDARD = "gnu++0x";
				CLANG_CXX_LIBRARY = "libc++";
				CLANG_ENABLE_MODULES = YES;
				CLANG_ENABLE_OBJC_ARC = YES;
				CLANG_WARN_BOOL_CONVERSION = YES;
				CLANG_WARN_CONSTANT_CONVERSION = YES;
				CLANG_WARN_DIRECT_OBJC_ISA_USAGE = YES_ERROR;
				CLANG_WARN_DOCUMENTATION_COMMENTS = YES;
				CLANG_WARN_EMPTY_BODY = YES;
				CLANG_WARN_ENUM_CONVERSION = YES;
				CLANG_WARN_INFINITE_RECURSION = YES;
				CLANG_WARN_INT_CONVERSION = YES;
				CLANG_WARN_OBJC_ROOT_CLASS = YES_ERROR;
				CLANG_WARN_SUSPICIOUS_MOVE = YES;
				CLANG_WARN_UNREACHABLE_CODE = YES;
				CLANG_WARN__DUPLICATE_METHOD_MATCH = YES;
				"CODE_SIGN_IDENTITY[sdk=iphoneos*]" = "iPhone Developer";
				COPY_PHASE_STRIP = NO;
				DEBUG_INFORMATION_FORMAT = dwarf;
				ENABLE_STRICT_OBJC_MSGSEND = YES;
				ENABLE_TESTABILITY = YES;
				GCC_C_LANGUAGE_STANDARD = gnu99;
				GCC_DYNAMIC_NO_PIC = NO;
				GCC_NO_COMMON_BLOCKS = YES;
				GCC_OPTIMIZATION_LEVEL = 0;
				GCC_PREPROCESSOR_DEFINITIONS = (
					"DEBUG=1",
					"$(inherited)",
				);
				GCC_WARN_64_TO_32_BIT_CONVERSION = YES;
				GCC_WARN_ABOUT_RETURN_TYPE = YES_ERROR;
				GCC_WARN_UNDECLARED_SELECTOR = YES;
				GCC_WARN_UNINITIALIZED_AUTOS = YES_AGGRESSIVE;
				GCC_WARN_UNUSED_FUNCTION = YES;
				GCC_WARN_UNUSED_VARIABLE = YES;
				IPHONEOS_DEPLOYMENT_TARGET = 10.3;
				MTL_ENABLE_DEBUG_INFO = YES;
				ONLY_ACTIVE_ARCH = YES;
				SDKROOT = iphoneos;
				SWIFT_ACTIVE_COMPILATION_CONDITIONS = DEBUG;
				SWIFT_OPTIMIZATION_LEVEL = "-Onone";
				TARGETED_DEVICE_FAMILY = "1,2";
			};
			name = Debug;
		};
		EB5E9F831FB80F2A002D562C /* Release */ = {
			isa = XCBuildConfiguration;
			buildSettings = {
				ALWAYS_SEARCH_USER_PATHS = NO;
				CLANG_ANALYZER_NONNULL = YES;
				CLANG_ANALYZER_NUMBER_OBJECT_CONVERSION = YES_AGGRESSIVE;
				CLANG_CXX_LANGUAGE_STANDARD = "gnu++0x";
				CLANG_CXX_LIBRARY = "libc++";
				CLANG_ENABLE_MODULES = YES;
				CLANG_ENABLE_OBJC_ARC = YES;
				CLANG_WARN_BOOL_CONVERSION = YES;
				CLANG_WARN_CONSTANT_CONVERSION = YES;
				CLANG_WARN_DIRECT_OBJC_ISA_USAGE = YES_ERROR;
				CLANG_WARN_DOCUMENTATION_COMMENTS = YES;
				CLANG_WARN_EMPTY_BODY = YES;
				CLANG_WARN_ENUM_CONVERSION = YES;
				CLANG_WARN_INFINITE_RECURSION = YES;
				CLANG_WARN_INT_CONVERSION = YES;
				CLANG_WARN_OBJC_ROOT_CLASS = YES_ERROR;
				CLANG_WARN_SUSPICIOUS_MOVE = YES;
				CLANG_WARN_UNREACHABLE_CODE = YES;
				CLANG_WARN__DUPLICATE_METHOD_MATCH = YES;
				"CODE_SIGN_IDENTITY[sdk=iphoneos*]" = "iPhone Developer";
				COPY_PHASE_STRIP = NO;
				DEBUG_INFORMATION_FORMAT = "dwarf-with-dsym";
				ENABLE_NS_ASSERTIONS = NO;
				ENABLE_STRICT_OBJC_MSGSEND = YES;
				GCC_C_LANGUAGE_STANDARD = gnu99;
				GCC_NO_COMMON_BLOCKS = YES;
				GCC_WARN_64_TO_32_BIT_CONVERSION = YES;
				GCC_WARN_ABOUT_RETURN_TYPE = YES_ERROR;
				GCC_WARN_UNDECLARED_SELECTOR = YES;
				GCC_WARN_UNINITIALIZED_AUTOS = YES_AGGRESSIVE;
				GCC_WARN_UNUSED_FUNCTION = YES;
				GCC_WARN_UNUSED_VARIABLE = YES;
				IPHONEOS_DEPLOYMENT_TARGET = 10.3;
				MTL_ENABLE_DEBUG_INFO = NO;
				SDKROOT = iphoneos;
				SWIFT_OPTIMIZATION_LEVEL = "-Owholemodule";
				TARGETED_DEVICE_FAMILY = "1,2";
				VALIDATE_PRODUCT = YES;
			};
			name = Release;
		};
		EB5E9F851FB80F2A002D562C /* Debug */ = {
			isa = XCBuildConfiguration;
			baseConfigurationReference = FD0AE6E3851F7B03A747FE2E /* Pods-Weather.debug.xcconfig */;
			buildSettings = {
				ASSETCATALOG_COMPILER_APPICON_NAME = AppIcon;
				DEVELOPMENT_TEAM = "";
				INFOPLIST_FILE = Weather/Info.plist;
				LD_RUNPATH_SEARCH_PATHS = "$(inherited) @executable_path/Frameworks";
				PRODUCT_BUNDLE_IDENTIFIER = com.magcube.Weather;
				PRODUCT_NAME = "$(TARGET_NAME)";
				PROVISIONING_PROFILE_SPECIFIER = "";
				SWIFT_VERSION = 3.0;
			};
			name = Debug;
		};
		EB5E9F861FB80F2A002D562C /* Release */ = {
			isa = XCBuildConfiguration;
			baseConfigurationReference = 1914722D127F75832AF0733F /* Pods-Weather.release.xcconfig */;
			buildSettings = {
				ASSETCATALOG_COMPILER_APPICON_NAME = AppIcon;
				DEVELOPMENT_TEAM = "";
				INFOPLIST_FILE = Weather/Info.plist;
				LD_RUNPATH_SEARCH_PATHS = "$(inherited) @executable_path/Frameworks";
				PRODUCT_BUNDLE_IDENTIFIER = com.magcube.Weather;
				PRODUCT_NAME = "$(TARGET_NAME)";
				PROVISIONING_PROFILE_SPECIFIER = "";
				SWIFT_VERSION = 3.0;
			};
			name = Release;
		};
/* End XCBuildConfiguration section */

/* Begin XCConfigurationList section */
		EB5E9F6D1FB80F2A002D562C /* Build configuration list for PBXProject "Weather" */ = {
			isa = XCConfigurationList;
			buildConfigurations = (
				EB5E9F821FB80F2A002D562C /* Debug */,
				EB5E9F831FB80F2A002D562C /* Release */,
			);
			defaultConfigurationIsVisible = 0;
			defaultConfigurationName = Release;
		};
		EB5E9F841FB80F2A002D562C /* Build configuration list for PBXNativeTarget "Weather" */ = {
			isa = XCConfigurationList;
			buildConfigurations = (
				EB5E9F851FB80F2A002D562C /* Debug */,
				EB5E9F861FB80F2A002D562C /* Release */,
			);
			defaultConfigurationIsVisible = 0;
			defaultConfigurationName = Release;
		};
/* End XCConfigurationList section */
	};
	rootObject = EB5E9F6A1FB80F2A002D562C /* Project object */;
}
